
Microsoft Visual Studio Solution File, Format Version 12.00
# Visual Studio Version 17
VisualStudioVersion = 17.11.35327.3
MinimumVisualStudioVersion = 10.0.40219.1
Project("{FAE04EC0-301F-11D3-BF4B-00C04F79EFBC}") = "InterShareSdk", "bindings\csharp\InterShareSdk\InterShareSdk.csproj", "{434C93E1-3229-45D0-8660-A166B36731C1}"
EndProject
Project("{FAE04EC0-301F-11D3-BF4B-00C04F79EFBC}") = "Tests", "bindings\csharp\Tests\Tests.csproj", "{95B21998-5F0D-4C7F-89AB-45E38FDFBF48}"
EndProject
Global
	GlobalSection(SolutionConfigurationPlatforms) = preSolution
		Debug|Any CPU = Debug|Any CPU
		Release|Any CPU = Release|Any CPU
	EndGlobalSection
	GlobalSection(ProjectConfigurationPlatforms) = postSolution
		{434C93E1-3229-45D0-8660-A166B36731C1}.Debug|Any CPU.ActiveCfg = Debug|Any CPU
		{434C93E1-3229-45D0-8660-A166B36731C1}.Debug|Any CPU.Build.0 = Debug|Any CPU
		{434C93E1-3229-45D0-8660-A166B36731C1}.Release|Any CPU.ActiveCfg = Release|Any CPU
		{434C93E1-3229-45D0-8660-A166B36731C1}.Release|Any CPU.Build.0 = Release|Any CPU
		{95B21998-5F0D-4C7F-89AB-45E38FDFBF48}.Debug|Any CPU.ActiveCfg = Debug|Any CPU
		{95B21998-5F0D-4C7F-89AB-45E38FDFBF48}.Debug|Any CPU.Build.0 = Debug|Any CPU
		{95B21998-5F0D-4C7F-89AB-45E38FDFBF48}.Release|Any CPU.ActiveCfg = Release|Any CPU
		{95B21998-5F0D-4C7F-89AB-45E38FDFBF48}.Release|Any CPU.Build.0 = Release|Any CPU
	EndGlobalSection
	GlobalSection(SolutionProperties) = preSolution
		HideSolutionNode = FALSE
	EndGlobalSection
	GlobalSection(ExtensibilityGlobals) = postSolution
		SolutionGuid = {99EBACFC-21C9-4318-95C1-EBDD9F483896}
	EndGlobalSection
EndGlobal
